
Microsoft Visual Studio Solution File, Format Version 12.00
Project("{2150E333-8FDC-42A3-9474-1A3956D46DE8}") = "src", "src", "{F0D104E5-7686-49B7-8047-8C76CADE72FB}"
EndProject
Project("{2150E333-8FDC-42A3-9474-1A3956D46DE8}") = "tests", "tests", "{A56FE10F-FE67-4524-A727-F789901EBAAF}"
EndProject
Project("{FAE04EC0-301F-11D3-BF4B-00C04F79EFBC}") = "CrudProject.Data", "CrudProject.Data\CrudProject.Data.csproj", "{097468C1-4C9F-4496-BF7A-FB1A2D86B06F}"
EndProject
Project("{FAE04EC0-301F-11D3-BF4B-00C04F79EFBC}") = "CrudProject.Web", "CrudProject.Web\CrudProject.Web.csproj", "{FD3D6822-8998-4675-9FDA-FDFA5F5D927A}"
EndProject
Project("{FAE04EC0-301F-11D3-BF4B-00C04F79EFBC}") = "CrudProject.Application", "CrudProject.Application\CrudProject.Application.csproj", "{B3871A34-88EA-4C43-A8DB-DA08E65F9AB4}"
EndProject
Project("{FAE04EC0-301F-11D3-BF4B-00C04F79EFBC}") = "CrudProject.Dto", "CrudProject.Dto\CrudProject.Dto.csproj", "{ED45782C-3D0D-4632-96FC-CB821D72941C}"
EndProject
Project("{FAE04EC0-301F-11D3-BF4B-00C04F79EFBC}") = "CrudProject.Domain", "CrudProject.Domain\CrudProject.Domain.csproj", "{F4D0855B-07BD-417A-8D40-515DA7E3C13C}"
EndProject
Project("{FAE04EC0-301F-11D3-BF4B-00C04F79EFBC}") = "CrudProject.UnitTests", "CrudProject.UnitTests\CrudProject.UnitTests.csproj", "{15D476CD-3E48-48F0-B8B7-6D3CB4128E23}"
EndProject
Global
	GlobalSection(SolutionConfigurationPlatforms) = preSolution
		Debug|Any CPU = Debug|Any CPU
		Release|Any CPU = Release|Any CPU
	EndGlobalSection
	GlobalSection(NestedProjects) = preSolution
		{097468C1-4C9F-4496-BF7A-FB1A2D86B06F} = {F0D104E5-7686-49B7-8047-8C76CADE72FB}
		{FD3D6822-8998-4675-9FDA-FDFA5F5D927A} = {F0D104E5-7686-49B7-8047-8C76CADE72FB}
		{B3871A34-88EA-4C43-A8DB-DA08E65F9AB4} = {F0D104E5-7686-49B7-8047-8C76CADE72FB}
		{ED45782C-3D0D-4632-96FC-CB821D72941C} = {F0D104E5-7686-49B7-8047-8C76CADE72FB}
		{F4D0855B-07BD-417A-8D40-515DA7E3C13C} = {F0D104E5-7686-49B7-8047-8C76CADE72FB}
		{15D476CD-3E48-48F0-B8B7-6D3CB4128E23} = {A56FE10F-FE67-4524-A727-F789901EBAAF}
	EndGlobalSection
	GlobalSection(ProjectConfigurationPlatforms) = postSolution
		{097468C1-4C9F-4496-BF7A-FB1A2D86B06F}.Debug|Any CPU.ActiveCfg = Debug|Any CPU
		{097468C1-4C9F-4496-BF7A-FB1A2D86B06F}.Debug|Any CPU.Build.0 = Debug|Any CPU
		{097468C1-4C9F-4496-BF7A-FB1A2D86B06F}.Release|Any CPU.ActiveCfg = Release|Any CPU
		{097468C1-4C9F-4496-BF7A-FB1A2D86B06F}.Release|Any CPU.Build.0 = Release|Any CPU
		{FD3D6822-8998-4675-9FDA-FDFA5F5D927A}.Debug|Any CPU.ActiveCfg = Debug|Any CPU
		{FD3D6822-8998-4675-9FDA-FDFA5F5D927A}.Debug|Any CPU.Build.0 = Debug|Any CPU
		{FD3D6822-8998-4675-9FDA-FDFA5F5D927A}.Release|Any CPU.ActiveCfg = Release|Any CPU
		{FD3D6822-8998-4675-9FDA-FDFA5F5D927A}.Release|Any CPU.Build.0 = Release|Any CPU
		{B3871A34-88EA-4C43-A8DB-DA08E65F9AB4}.Debug|Any CPU.ActiveCfg = Debug|Any CPU
		{B3871A34-88EA-4C43-A8DB-DA08E65F9AB4}.Debug|Any CPU.Build.0 = Debug|Any CPU
		{B3871A34-88EA-4C43-A8DB-DA08E65F9AB4}.Release|Any CPU.ActiveCfg = Release|Any CPU
		{B3871A34-88EA-4C43-A8DB-DA08E65F9AB4}.Release|Any CPU.Build.0 = Release|Any CPU
		{ED45782C-3D0D-4632-96FC-CB821D72941C}.Debug|Any CPU.ActiveCfg = Debug|Any CPU
		{ED45782C-3D0D-4632-96FC-CB821D72941C}.Debug|Any CPU.Build.0 = Debug|Any CPU
		{ED45782C-3D0D-4632-96FC-CB821D72941C}.Release|Any CPU.ActiveCfg = Release|Any CPU
		{ED45782C-3D0D-4632-96FC-CB821D72941C}.Release|Any CPU.Build.0 = Release|Any CPU
		{F4D0855B-07BD-417A-8D40-515DA7E3C13C}.Debug|Any CPU.ActiveCfg = Debug|Any CPU
		{F4D0855B-07BD-417A-8D40-515DA7E3C13C}.Debug|Any CPU.Build.0 = Debug|Any CPU
		{F4D0855B-07BD-417A-8D40-515DA7E3C13C}.Release|Any CPU.ActiveCfg = Release|Any CPU
		{F4D0855B-07BD-417A-8D40-515DA7E3C13C}.Release|Any CPU.Build.0 = Release|Any CPU
		{15D476CD-3E48-48F0-B8B7-6D3CB4128E23}.Debug|Any CPU.ActiveCfg = Debug|Any CPU
		{15D476CD-3E48-48F0-B8B7-6D3CB4128E23}.Debug|Any CPU.Build.0 = Debug|Any CPU
		{15D476CD-3E48-48F0-B8B7-6D3CB4128E23}.Release|Any CPU.ActiveCfg = Release|Any CPU
		{15D476CD-3E48-48F0-B8B7-6D3CB4128E23}.Release|Any CPU.Build.0 = Release|Any CPU
	EndGlobalSection
EndGlobal
